
Microsoft Visual Studio Solution File, Format Version 12.00
# Visual Studio 2015
Project("{FAE04EC0-301F-11D3-BF4B-00C04F79EFBC}") = "Invaders.CSharp", "Invaders.CSharp.csproj", "{B4DAD985-B0EC-C8E8-71FC-D2422A33BFBE}"
EndProject
Global
	GlobalSection(SolutionConfigurationPlatforms) = preSolution
		Debug|Any CPU = Debug|Any CPU
		Release|Any CPU = Release|Any CPU
	EndGlobalSection
	GlobalSection(ProjectConfigurationPlatforms) = postSolution
		{B4DAD985-B0EC-C8E8-71FC-D2422A33BFBE}.Debug|Any CPU.ActiveCfg = Debug|Any CPU
		{B4DAD985-B0EC-C8E8-71FC-D2422A33BFBE}.Debug|Any CPU.Build.0 = Debug|Any CPU
		{B4DAD985-B0EC-C8E8-71FC-D2422A33BFBE}.Release|Any CPU.ActiveCfg = Release|Any CPU
		{B4DAD985-B0EC-C8E8-71FC-D2422A33BFBE}.Release|Any CPU.Build.0 = Release|Any CPU
	EndGlobalSection
	GlobalSection(SolutionProperties) = preSolution
		HideSolutionNode = FALSE
	EndGlobalSection
EndGlobal
